
Microsoft Visual Studio Solution File, Format Version 12.00
# Visual Studio 2012
Project("{2150E333-8FDC-42A3-9474-1A3956D46DE8}") = "ApplicationLayer", "ApplicationLayer", "{52A7216B-92F0-4B48-B3D6-8577AAB45D60}"
EndProject
Project("{2150E333-8FDC-42A3-9474-1A3956D46DE8}") = "BusinessLayer", "BusinessLayer", "{8386A3B8-9DD8-4E0E-9859-6D4CB34FA081}"
EndProject
Project("{2150E333-8FDC-42A3-9474-1A3956D46DE8}") = "CommonLayer", "CommonLayer", "{E26670FC-FF5A-420C-8B42-9FDFBC495E64}"
EndProject
Project("{2150E333-8FDC-42A3-9474-1A3956D46DE8}") = "DataLayer", "DataLayer", "{893AEC72-F7E1-49ED-B0B2-2F23ACD1DFD4}"
EndProject
Project("{2150E333-8FDC-42A3-9474-1A3956D46DE8}") = "UnitTest", "UnitTest", "{A5957C17-64CB-4A89-A096-45E60D71EA2E}"
EndProject
Project("{2150E333-8FDC-42A3-9474-1A3956D46DE8}") = "WebLayer", "WebLayer", "{9F40857E-C615-4DE7-B2DA-0971AB2EC944}"
EndProject
Project("{FAE04EC0-301F-11D3-BF4B-00C04F79EFBC}") = "TW.Sync", "TW.Sync\TW.Sync.csproj", "{A894FF82-08D8-42F0-B748-D91E6F974F2F}"
EndProject
Global
	GlobalSection(SolutionConfigurationPlatforms) = preSolution
		Debug|Any CPU = Debug|Any CPU
		Release|Any CPU = Release|Any CPU
	EndGlobalSection
	GlobalSection(ProjectConfigurationPlatforms) = postSolution
		{A894FF82-08D8-42F0-B748-D91E6F974F2F}.Debug|Any CPU.ActiveCfg = Debug|Any CPU
		{A894FF82-08D8-42F0-B748-D91E6F974F2F}.Debug|Any CPU.Build.0 = Debug|Any CPU
		{A894FF82-08D8-42F0-B748-D91E6F974F2F}.Release|Any CPU.ActiveCfg = Release|Any CPU
		{A894FF82-08D8-42F0-B748-D91E6F974F2F}.Release|Any CPU.Build.0 = Release|Any CPU
	EndGlobalSection
	GlobalSection(SolutionProperties) = preSolution
		HideSolutionNode = FALSE
	EndGlobalSection
	GlobalSection(NestedProjects) = preSolution
		{A894FF82-08D8-42F0-B748-D91E6F974F2F} = {52A7216B-92F0-4B48-B3D6-8577AAB45D60}
	EndGlobalSection
EndGlobal
